// !$*UTF8*$!
{
	archiveVersion = 1;
	classes = {
	};
	objectVersion = 46;
	objects = {

/* Begin PBXBuildFile section */
		CB2A55031D83A8A700878250 /* Assets.xcassets in Resources */ = {isa = PBXBuildFile; fileRef = CB2A55021D83A8A700878250 /* Assets.xcassets */; };
		CB2A55061D83A8A700878250 /* LaunchScreen.storyboard in Resources */ = {isa = PBXBuildFile; fileRef = CB2A55041D83A8A700878250 /* LaunchScreen.storyboard */; };
		CB2A55111D83A8C100878250 /* BootLogic.swift in Sources */ = {isa = PBXBuildFile; fileRef = CB2A550E1D83A8C100878250 /* BootLogic.swift */; };
		CB2A55121D83A8C100878250 /* ConsoleScreen.swift in Sources */ = {isa = PBXBuildFile; fileRef = CB2A550F1D83A8C100878250 /* ConsoleScreen.swift */; };
		CB2A55131D83A8C100878250 /* MainScreen.swift in Sources */ = {isa = PBXBuildFile; fileRef = CB2A55101D83A8C100878250 /* MainScreen.swift */; };
		CB2A55161D83A8DE00878250 /* AppDelegate.swift in Sources */ = {isa = PBXBuildFile; fileRef = CB2A55151D83A8DE00878250 /* AppDelegate.swift */; };
		CB2A55191D83A93500878250 /* MutipleSelectRows.swift in Sources */ = {isa = PBXBuildFile; fileRef = CB2A55171D83A93500878250 /* MutipleSelectRows.swift */; };
		CB2A551A1D83A93500878250 /* MutipleSelectRows.xib in Resources */ = {isa = PBXBuildFile; fileRef = CB2A55181D83A93500878250 /* MutipleSelectRows.xib */; };
		CB2A55211D83ABFC00878250 /* RezingHeightCell.swift in Sources */ = {isa = PBXBuildFile; fileRef = CB2A551F1D83ABFC00878250 /* RezingHeightCell.swift */; };
		CB2A55221D83ABFC00878250 /* RezingHeightCell.xib in Resources */ = {isa = PBXBuildFile; fileRef = CB2A55201D83ABFC00878250 /* RezingHeightCell.xib */; };
		CB2A55251D83ADE600878250 /* RezingCell.swift in Sources */ = {isa = PBXBuildFile; fileRef = CB2A55231D83ADE600878250 /* RezingCell.swift */; };
		CB2A55261D83ADE600878250 /* RezingCell.xib in Resources */ = {isa = PBXBuildFile; fileRef = CB2A55241D83ADE600878250 /* RezingCell.xib */; };
		CB2A55281D83AE6D00878250 /* Artist.swift in Sources */ = {isa = PBXBuildFile; fileRef = CB2A55271D83AE6D00878250 /* Artist.swift */; };
		CB2A552E1D83B53100878250 /* LazyLoading.swift in Sources */ = {isa = PBXBuildFile; fileRef = CB2A552C1D83B53100878250 /* LazyLoading.swift */; };
		CB2A552F1D83B53100878250 /* LazyLoading.xib in Resources */ = {isa = PBXBuildFile; fileRef = CB2A552D1D83B53100878250 /* LazyLoading.xib */; };
		CB2A55311D83B54800878250 /* extention.swift in Sources */ = {isa = PBXBuildFile; fileRef = CB2A55301D83B54800878250 /* extention.swift */; };
		CB2A55341D83B9E500878250 /* PullingToRefresh.swift in Sources */ = {isa = PBXBuildFile; fileRef = CB2A55321D83B9E500878250 /* PullingToRefresh.swift */; };
		CB2A55351D83B9E500878250 /* PullingToRefresh.xib in Resources */ = {isa = PBXBuildFile; fileRef = CB2A55331D83B9E500878250 /* PullingToRefresh.xib */; };
		CBF6B7C61D83EBC1003F7ADE /* CachingImage.swift in Sources */ = {isa = PBXBuildFile; fileRef = CBF6B7C41D83EBC1003F7ADE /* CachingImage.swift */; };
		CBF6B7C71D83EBC1003F7ADE /* CachingImage.xib in Resources */ = {isa = PBXBuildFile; fileRef = CBF6B7C51D83EBC1003F7ADE /* CachingImage.xib */; };
		CBF6B7E81D83F3CF003F7ADE /* UICollectionViewCustomLayout.swift in Sources */ = {isa = PBXBuildFile; fileRef = CBF6B7E61D83F3CF003F7ADE /* UICollectionViewCustomLayout.swift */; };
		CBF6B7E91D83F3CF003F7ADE /* UICollectionViewCustomLayout.xib in Resources */ = {isa = PBXBuildFile; fileRef = CBF6B7E71D83F3CF003F7ADE /* UICollectionViewCustomLayout.xib */; };
		CBF6B7EB1D83F3D9003F7ADE /* PinterestLayout.swift in Sources */ = {isa = PBXBuildFile; fileRef = CBF6B7EA1D83F3D9003F7ADE /* PinterestLayout.swift */; };
		CBF6B7EE1D83F4A7003F7ADE /* CollectionViewCellCustom.swift in Sources */ = {isa = PBXBuildFile; fileRef = CBF6B7EC1D83F4A7003F7ADE /* CollectionViewCellCustom.swift */; };
		CBF6B7EF1D83F4A7003F7ADE /* CollectionViewCellCustom.xib in Resources */ = {isa = PBXBuildFile; fileRef = CBF6B7ED1D83F4A7003F7ADE /* CollectionViewCellCustom.xib */; };
		CBF6B7F11D83FC3A003F7ADE /* RoundedCornersView.swift in Sources */ = {isa = PBXBuildFile; fileRef = CBF6B7F01D83FC3A003F7ADE /* RoundedCornersView.swift */; };
/* End PBXBuildFile section */

/* Begin PBXFileReference section */
		CB2A54F81D83A8A700878250 /* TipTricks_UITableView.app */ = {isa = PBXFileReference; explicitFileType = wrapper.application; includeInIndex = 0; path = TipTricks_UITableView.app; sourceTree = BUILT_PRODUCTS_DIR; };
		CB2A55021D83A8A700878250 /* Assets.xcassets */ = {isa = PBXFileReference; lastKnownFileType = folder.assetcatalog; path = Assets.xcassets; sourceTree = "<group>"; };
		CB2A55051D83A8A700878250 /* Base */ = {isa = PBXFileReference; lastKnownFileType = file.storyboard; name = Base; path = Base.lproj/LaunchScreen.storyboard; sourceTree = "<group>"; };
		CB2A55071D83A8A700878250 /* Info.plist */ = {isa = PBXFileReference; lastKnownFileType = text.plist.xml; path = Info.plist; sourceTree = "<group>"; };
		CB2A550E1D83A8C100878250 /* BootLogic.swift */ = {isa = PBXFileReference; fileEncoding = 4; lastKnownFileType = sourcecode.swift; path = BootLogic.swift; sourceTree = "<group>"; };
		CB2A550F1D83A8C100878250 /* ConsoleScreen.swift */ = {isa = PBXFileReference; fileEncoding = 4; lastKnownFileType = sourcecode.swift; path = ConsoleScreen.swift; sourceTree = "<group>"; };
		CB2A55101D83A8C100878250 /* MainScreen.swift */ = {isa = PBXFileReference; fileEncoding = 4; lastKnownFileType = sourcecode.swift; path = MainScreen.swift; sourceTree = "<group>"; };
		CB2A55151D83A8DE00878250 /* AppDelegate.swift */ = {isa = PBXFileReference; fileEncoding = 4; lastKnownFileType = sourcecode.swift; path = AppDelegate.swift; sourceTree = "<group>"; };
		CB2A55171D83A93500878250 /* MutipleSelectRows.swift */ = {isa = PBXFileReference; fileEncoding = 4; lastKnownFileType = sourcecode.swift; path = MutipleSelectRows.swift; sourceTree = "<group>"; };
		CB2A55181D83A93500878250 /* MutipleSelectRows.xib */ = {isa = PBXFileReference; fileEncoding = 4; lastKnownFileType = file.xib; path = MutipleSelectRows.xib; sourceTree = "<group>"; };
		CB2A551F1D83ABFC00878250 /* RezingHeightCell.swift */ = {isa = PBXFileReference; fileEncoding = 4; lastKnownFileType = sourcecode.swift; path = RezingHeightCell.swift; sourceTree = "<group>"; };
		CB2A55201D83ABFC00878250 /* RezingHeightCell.xib */ = {isa = PBXFileReference; fileEncoding = 4; lastKnownFileType = file.xib; path = RezingHeightCell.xib; sourceTree = "<group>"; };
		CB2A55231D83ADE600878250 /* RezingCell.swift */ = {isa = PBXFileReference; fileEncoding = 4; lastKnownFileType = sourcecode.swift; path = RezingCell.swift; sourceTree = "<group>"; };
		CB2A55241D83ADE600878250 /* RezingCell.xib */ = {isa = PBXFileReference; fileEncoding = 4; lastKnownFileType = file.xib; path = RezingCell.xib; sourceTree = "<group>"; };
		CB2A55271D83AE6D00878250 /* Artist.swift */ = {isa = PBXFileReference; fileEncoding = 4; lastKnownFileType = sourcecode.swift; path = Artist.swift; sourceTree = "<group>"; };
		CB2A552C1D83B53100878250 /* LazyLoading.swift */ = {isa = PBXFileReference; fileEncoding = 4; lastKnownFileType = sourcecode.swift; path = LazyLoading.swift; sourceTree = "<group>"; };
		CB2A552D1D83B53100878250 /* LazyLoading.xib */ = {isa = PBXFileReference; fileEncoding = 4; lastKnownFileType = file.xib; path = LazyLoading.xib; sourceTree = "<group>"; };
		CB2A55301D83B54800878250 /* extention.swift */ = {isa = PBXFileReference; fileEncoding = 4; lastKnownFileType = sourcecode.swift; path = extention.swift; sourceTree = "<group>"; };
		CB2A55321D83B9E500878250 /* PullingToRefresh.swift */ = {isa = PBXFileReference; fileEncoding = 4; lastKnownFileType = sourcecode.swift; path = PullingToRefresh.swift; sourceTree = "<group>"; };
		CB2A55331D83B9E500878250 /* PullingToRefresh.xib */ = {isa = PBXFileReference; fileEncoding = 4; lastKnownFileType = file.xib; path = PullingToRefresh.xib; sourceTree = "<group>"; };
		CBF6B7C41D83EBC1003F7ADE /* CachingImage.swift */ = {isa = PBXFileReference; fileEncoding = 4; lastKnownFileType = sourcecode.swift; path = CachingImage.swift; sourceTree = "<group>"; };
		CBF6B7C51D83EBC1003F7ADE /* CachingImage.xib */ = {isa = PBXFileReference; fileEncoding = 4; lastKnownFileType = file.xib; path = CachingImage.xib; sourceTree = "<group>"; };
		CBF6B7E61D83F3CF003F7ADE /* UICollectionViewCustomLayout.swift */ = {isa = PBXFileReference; fileEncoding = 4; lastKnownFileType = sourcecode.swift; path = UICollectionViewCustomLayout.swift; sourceTree = "<group>"; };
		CBF6B7E71D83F3CF003F7ADE /* UICollectionViewCustomLayout.xib */ = {isa = PBXFileReference; fileEncoding = 4; lastKnownFileType = file.xib; path = UICollectionViewCustomLayout.xib; sourceTree = "<group>"; };
		CBF6B7EA1D83F3D9003F7ADE /* PinterestLayout.swift */ = {isa = PBXFileReference; fileEncoding = 4; lastKnownFileType = sourcecode.swift; path = PinterestLayout.swift; sourceTree = "<group>"; };
		CBF6B7EC1D83F4A7003F7ADE /* CollectionViewCellCustom.swift */ = {isa = PBXFileReference; fileEncoding = 4; lastKnownFileType = sourcecode.swift; path = CollectionViewCellCustom.swift; sourceTree = "<group>"; };
		CBF6B7ED1D83F4A7003F7ADE /* CollectionViewCellCustom.xib */ = {isa = PBXFileReference; fileEncoding = 4; lastKnownFileType = file.xib; path = CollectionViewCellCustom.xib; sourceTree = "<group>"; };
		CBF6B7F01D83FC3A003F7ADE /* RoundedCornersView.swift */ = {isa = PBXFileReference; fileEncoding = 4; lastKnownFileType = sourcecode.swift; path = RoundedCornersView.swift; sourceTree = "<group>"; };
/* End PBXFileReference section */

/* Begin PBXFrameworksBuildPhase section */
		CB2A54F51D83A8A700878250 /* Frameworks */ = {
			isa = PBXFrameworksBuildPhase;
			buildActionMask = 2147483647;
			files = (
			);
			runOnlyForDeploymentPostprocessing = 0;
		};
/* End PBXFrameworksBuildPhase section */

/* Begin PBXGroup section */
		CB2A54EF1D83A8A700878250 = {
			isa = PBXGroup;
			children = (
				CB2A54FA1D83A8A700878250 /* TipTricks_UITableView */,
				CB2A54F91D83A8A700878250 /* Products */,
			);
			sourceTree = "<group>";
		};
		CB2A54F91D83A8A700878250 /* Products */ = {
			isa = PBXGroup;
			children = (
				CB2A54F81D83A8A700878250 /* TipTricks_UITableView.app */,
			);
			name = Products;
			sourceTree = "<group>";
		};
		CB2A54FA1D83A8A700878250 /* TipTricks_UITableView */ = {
			isa = PBXGroup;
			children = (
				CB2A55291D83AF6500878250 /* resource */,
				CB2A55141D83A8D400878250 /* ViewControllers */,
				CB2A550D1D83A8AD00878250 /* BootsTrap */,
				CB2A55151D83A8DE00878250 /* AppDelegate.swift */,
				CB2A55021D83A8A700878250 /* Assets.xcassets */,
				CB2A55041D83A8A700878250 /* LaunchScreen.storyboard */,
				CB2A55071D83A8A700878250 /* Info.plist */,
			);
			path = TipTricks_UITableView;
			sourceTree = "<group>";
		};
		CB2A550D1D83A8AD00878250 /* BootsTrap */ = {
			isa = PBXGroup;
			children = (
				CB2A550E1D83A8C100878250 /* BootLogic.swift */,
				CB2A550F1D83A8C100878250 /* ConsoleScreen.swift */,
				CB2A55101D83A8C100878250 /* MainScreen.swift */,
			);
			name = BootsTrap;
			sourceTree = "<group>";
		};
		CB2A55141D83A8D400878250 /* ViewControllers */ = {
			isa = PBXGroup;
			children = (
				CB2A55171D83A93500878250 /* MutipleSelectRows.swift */,
				CB2A55181D83A93500878250 /* MutipleSelectRows.xib */,
				CB2A551F1D83ABFC00878250 /* RezingHeightCell.swift */,
				CB2A55201D83ABFC00878250 /* RezingHeightCell.xib */,
				CB2A55231D83ADE600878250 /* RezingCell.swift */,
				CB2A55241D83ADE600878250 /* RezingCell.xib */,
				CB2A55271D83AE6D00878250 /* Artist.swift */,
				CB2A552C1D83B53100878250 /* LazyLoading.swift */,
				CB2A552D1D83B53100878250 /* LazyLoading.xib */,
				CBF6B7C41D83EBC1003F7ADE /* CachingImage.swift */,
				CBF6B7C51D83EBC1003F7ADE /* CachingImage.xib */,
				CB2A55301D83B54800878250 /* extention.swift */,
				CB2A55321D83B9E500878250 /* PullingToRefresh.swift */,
				CB2A55331D83B9E500878250 /* PullingToRefresh.xib */,
				CBF6B7E61D83F3CF003F7ADE /* UICollectionViewCustomLayout.swift */,
				CBF6B7E71D83F3CF003F7ADE /* UICollectionViewCustomLayout.xib */,
				CBF6B7EC1D83F4A7003F7ADE /* CollectionViewCellCustom.swift */,
				CBF6B7ED1D83F4A7003F7ADE /* CollectionViewCellCustom.xib */,
				CBF6B7EA1D83F3D9003F7ADE /* PinterestLayout.swift */,
				CBF6B7F01D83FC3A003F7ADE /* RoundedCornersView.swift */,
			);
			name = ViewControllers;
			sourceTree = "<group>";
		};
		CB2A55291D83AF6500878250 /* resource */ = {
			isa = PBXGroup;
			children = (
			);
			name = resource;
			sourceTree = "<group>";
		};
/* End PBXGroup section */

/* Begin PBXNativeTarget section */
		CB2A54F71D83A8A700878250 /* TipTricks_UITableView */ = {
			isa = PBXNativeTarget;
			buildConfigurationList = CB2A550A1D83A8A700878250 /* Build configuration list for PBXNativeTarget "TipTricks_UITableView" */;
			buildPhases = (
				CB2A54F41D83A8A700878250 /* Sources */,
				CB2A54F51D83A8A700878250 /* Frameworks */,
				CB2A54F61D83A8A700878250 /* Resources */,
			);
			buildRules = (
			);
			dependencies = (
			);
			name = TipTricks_UITableView;
			productName = TipTricks_UITableView;
			productReference = CB2A54F81D83A8A700878250 /* TipTricks_UITableView.app */;
			productType = "com.apple.product-type.application";
		};
/* End PBXNativeTarget section */

/* Begin PBXProject section */
		CB2A54F01D83A8A700878250 /* Project object */ = {
			isa = PBXProject;
			attributes = {
				LastSwiftUpdateCheck = 0730;
				LastUpgradeCheck = 0730;
				ORGANIZATIONNAME = Tuuu;
				TargetAttributes = {
					CB2A54F71D83A8A700878250 = {
						CreatedOnToolsVersion = 7.3.1;
					};
				};
			};
			buildConfigurationList = CB2A54F31D83A8A700878250 /* Build configuration list for PBXProject "TipTricks_UITableView" */;
			compatibilityVersion = "Xcode 3.2";
			developmentRegion = English;
			hasScannedForEncodings = 0;
			knownRegions = (
				en,
				Base,
			);
			mainGroup = CB2A54EF1D83A8A700878250;
			productRefGroup = CB2A54F91D83A8A700878250 /* Products */;
			projectDirPath = "";
			projectRoot = "";
			targets = (
				CB2A54F71D83A8A700878250 /* TipTricks_UITableView */,
			);
		};
/* End PBXProject section */

/* Begin PBXResourcesBuildPhase section */
		CB2A54F61D83A8A700878250 /* Resources */ = {
			isa = PBXResourcesBuildPhase;
			buildActionMask = 2147483647;
			files = (
				CB2A552F1D83B53100878250 /* LazyLoading.xib in Resources */,
				CBF6B7C71D83EBC1003F7ADE /* CachingImage.xib in Resources */,
				CBF6B7E91D83F3CF003F7ADE /* UICollectionViewCustomLayout.xib in Resources */,
				CBF6B7EF1D83F4A7003F7ADE /* CollectionViewCellCustom.xib in Resources */,
				CB2A55261D83ADE600878250 /* RezingCell.xib in Resources */,
				CB2A55351D83B9E500878250 /* PullingToRefresh.xib in Resources */,
				CB2A551A1D83A93500878250 /* MutipleSelectRows.xib in Resources */,
				CB2A55221D83ABFC00878250 /* RezingHeightCell.xib in Resources */,
				CB2A55061D83A8A700878250 /* LaunchScreen.storyboard in Resources */,
				CB2A55031D83A8A700878250 /* Assets.xcassets in Resources */,
			);
			runOnlyForDeploymentPostprocessing = 0;
		};
/* End PBXResourcesBuildPhase section */

/* Begin PBXSourcesBuildPhase section */
		CB2A54F41D83A8A700878250 /* Sources */ = {
			isa = PBXSourcesBuildPhase;
			buildActionMask = 2147483647;
			files = (
				CB2A55161D83A8DE00878250 /* AppDelegate.swift in Sources */,
				CB2A55121D83A8C100878250 /* ConsoleScreen.swift in Sources */,
				CB2A55311D83B54800878250 /* extention.swift in Sources */,
				CB2A55191D83A93500878250 /* MutipleSelectRows.swift in Sources */,
				CB2A55211D83ABFC00878250 /* RezingHeightCell.swift in Sources */,
				CBF6B7C61D83EBC1003F7ADE /* CachingImage.swift in Sources */,
				CBF6B7EE1D83F4A7003F7ADE /* CollectionViewCellCustom.swift in Sources */,
				CB2A552E1D83B53100878250 /* LazyLoading.swift in Sources */,
				CB2A55131D83A8C100878250 /* MainScreen.swift in Sources */,
				CB2A55111D83A8C100878250 /* BootLogic.swift in Sources */,
				CB2A55281D83AE6D00878250 /* Artist.swift in Sources */,
				CBF6B7F11D83FC3A003F7ADE /* RoundedCornersView.swift in Sources */,
				CBF6B7EB1D83F3D9003F7ADE /* PinterestLayout.swift in Sources */,
				CBF6B7E81D83F3CF003F7ADE /* UICollectionViewCustomLayout.swift in Sources */,
				CB2A55251D83ADE600878250 /* RezingCell.swift in Sources */,
				CB2A55341D83B9E500878250 /* PullingToRefresh.swift in Sources */,
			);
			runOnlyForDeploymentPostprocessing = 0;
		};
/* End PBXSourcesBuildPhase section */

/* Begin PBXVariantGroup section */
		CB2A55041D83A8A700878250 /* LaunchScreen.storyboard */ = {
			isa = PBXVariantGroup;
			children = (
				CB2A55051D83A8A700878250 /* Base */,
			);
			name = LaunchScreen.storyboard;
			sourceTree = "<group>";
		};
/* End PBXVariantGroup section */

/* Begin XCBuildConfiguration section */
		CB2A55081D83A8A700878250 /* Debug */ = {
			isa = XCBuildConfiguration;
			buildSettings = {
				ALWAYS_SEARCH_USER_PATHS = NO;
				CLANG_ANALYZER_NONNULL = YES;
				CLANG_CXX_LANGUAGE_STANDARD = "gnu++0x";
				CLANG_CXX_LIBRARY = "libc++";
				CLANG_ENABLE_MODULES = YES;
				CLANG_ENABLE_OBJC_ARC = YES;
				CLANG_WARN_BOOL_CONVERSION = YES;
				CLANG_WARN_CONSTANT_CONVERSION = YES;
				CLANG_WARN_DIRECT_OBJC_ISA_USAGE = YES_ERROR;
				CLANG_WARN_EMPTY_BODY = YES;
				CLANG_WARN_ENUM_CONVERSION = YES;
				CLANG_WARN_INT_CONVERSION = YES;
				CLANG_WARN_OBJC_ROOT_CLASS = YES_ERROR;
				CLANG_WARN_UNREACHABLE_CODE = YES;
				CLANG_WARN__DUPLICATE_METHOD_MATCH = YES;
				"CODE_SIGN_IDENTITY[sdk=iphoneos*]" = "iPhone Developer";
				COPY_PHASE_STRIP = NO;
				DEBUG_INFORMATION_FORMAT = dwarf;
				ENABLE_STRICT_OBJC_MSGSEND = YES;
				ENABLE_TESTABILITY = YES;
				GCC_C_LANGUAGE_STANDARD = gnu99;
				GCC_DYNAMIC_NO_PIC = NO;
				GCC_NO_COMMON_BLOCKS = YES;
				GCC_OPTIMIZATION_LEVEL = 0;
				GCC_PREPROCESSOR_DEFINITIONS = (
					"DEBUG=1",
					"$(inherited)",
				);
				GCC_WARN_64_TO_32_BIT_CONVERSION = YES;
				GCC_WARN_ABOUT_RETURN_TYPE = YES_ERROR;
				GCC_WARN_UNDECLARED_SELECTOR = YES;
				GCC_WARN_UNINITIALIZED_AUTOS = YES_AGGRESSIVE;
				GCC_WARN_UNUSED_FUNCTION = YES;
				GCC_WARN_UNUSED_VARIABLE = YES;
				IPHONEOS_DEPLOYMENT_TARGET = 9.3;
				MTL_ENABLE_DEBUG_INFO = YES;
				ONLY_ACTIVE_ARCH = YES;
				SDKROOT = iphoneos;
				SWIFT_OPTIMIZATION_LEVEL = "-Onone";
				TARGETED_DEVICE_FAMILY = "1,2";
			};
			name = Debug;
		};
		CB2A55091D83A8A700878250 /* Release */ = {
			isa = XCBuildConfiguration;
			buildSettings = {
				ALWAYS_SEARCH_USER_PATHS = NO;
				CLANG_ANALYZER_NONNULL = YES;
				CLANG_CXX_LANGUAGE_STANDARD = "gnu++0x";
				CLANG_CXX_LIBRARY = "libc++";
				CLANG_ENABLE_MODULES = YES;
				CLANG_ENABLE_OBJC_ARC = YES;
				CLANG_WARN_BOOL_CONVERSION = YES;
				CLANG_WARN_CONSTANT_CONVERSION = YES;
				CLANG_WARN_DIRECT_OBJC_ISA_USAGE = YES_ERROR;
				CLANG_WARN_EMPTY_BODY = YES;
				CLANG_WARN_ENUM_CONVERSION = YES;
				CLANG_WARN_INT_CONVERSION = YES;
				CLANG_WARN_OBJC_ROOT_CLASS = YES_ERROR;
				CLANG_WARN_UNREACHABLE_CODE = YES;
				CLANG_WARN__DUPLICATE_METHOD_MATCH = YES;
				"CODE_SIGN_IDENTITY[sdk=iphoneos*]" = "iPhone Developer";
				COPY_PHASE_STRIP = NO;
				DEBUG_INFORMATION_FORMAT = "dwarf-with-dsym";
				ENABLE_NS_ASSERTIONS = NO;
				ENABLE_STRICT_OBJC_MSGSEND = YES;
				GCC_C_LANGUAGE_STANDARD = gnu99;
				GCC_NO_COMMON_BLOCKS = YES;
				GCC_WARN_64_TO_32_BIT_CONVERSION = YES;
				GCC_WARN_ABOUT_RETURN_TYPE = YES_ERROR;
				GCC_WARN_UNDECLARED_SELECTOR = YES;
				GCC_WARN_UNINITIALIZED_AUTOS = YES_AGGRESSIVE;
				GCC_WARN_UNUSED_FUNCTION = YES;
				GCC_WARN_UNUSED_VARIABLE = YES;
				IPHONEOS_DEPLOYMENT_TARGET = 9.3;
				MTL_ENABLE_DEBUG_INFO = NO;
				SDKROOT = iphoneos;
				TARGETED_DEVICE_FAMILY = "1,2";
				VALIDATE_PRODUCT = YES;
			};
			name = Release;
		};
		CB2A550B1D83A8A700878250 /* Debug */ = {
			isa = XCBuildConfiguration;
			buildSettings = {
				ASSETCATALOG_COMPILER_APPICON_NAME = AppIcon;
				INFOPLIST_FILE = TipTricks_UITableView/Info.plist;
				LD_RUNPATH_SEARCH_PATHS = "$(inherited) @executable_path/Frameworks";
				PRODUCT_BUNDLE_IDENTIFIER = "nvt.TipTricks-UITableView";
				PRODUCT_NAME = "$(TARGET_NAME)";
			};
			name = Debug;
		};
		CB2A550C1D83A8A700878250 /* Release */ = {
			isa = XCBuildConfiguration;
			buildSettings = {
				ASSETCATALOG_COMPILER_APPICON_NAME = AppIcon;
				INFOPLIST_FILE = TipTricks_UITableView/Info.plist;
				LD_RUNPATH_SEARCH_PATHS = "$(inherited) @executable_path/Frameworks";
				PRODUCT_BUNDLE_IDENTIFIER = "nvt.TipTricks-UITableView";
				PRODUCT_NAME = "$(TARGET_NAME)";
			};
			name = Release;
		};
/* End XCBuildConfiguration section */

/* Begin XCConfigurationList section */
		CB2A54F31D83A8A700878250 /* Build configuration list for PBXProject "TipTricks_UITableView" */ = {
			isa = XCConfigurationList;
			buildConfigurations = (
				CB2A55081D83A8A700878250 /* Debug */,
				CB2A55091D83A8A700878250 /* Release */,
			);
			defaultConfigurationIsVisible = 0;
			defaultConfigurationName = Release;
		};
		CB2A550A1D83A8A700878250 /* Build configuration list for PBXNativeTarget "TipTricks_UITableView" */ = {
			isa = XCConfigurationList;
			buildConfigurations = (
				CB2A550B1D83A8A700878250 /* Debug */,
				CB2A550C1D83A8A700878250 /* Release */,
			);
			defaultConfigurationIsVisible = 0;
			defaultConfigurationName = Release;
		};
/* End XCConfigurationList section */
	};
	rootObject = CB2A54F01D83A8A700878250 /* Project object */;
}
