// !$*UTF8*$!
{
	archiveVersion = 1;
	classes = {
	};
	objectVersion = 46;
	objects = {

/* Begin PBXBuildFile section */
		2249E6D14426B622EF71EBB2 /* Pods_TreeTableView.framework in Frameworks */ = {isa = PBXBuildFile; fileRef = 3F4BB4E7B1A25D9892E84C20 /* Pods_TreeTableView.framework */; };
		CB1DADE51D769BBD007B6B56 /* ButtonAdd.swift in Sources */ = {isa = PBXBuildFile; fileRef = CB1DADE41D769BBD007B6B56 /* ButtonAdd.swift */; };
		CB1DADE71D76A267007B6B56 /* ExtentionColor.swift in Sources */ = {isa = PBXBuildFile; fileRef = CB1DADE61D76A267007B6B56 /* ExtentionColor.swift */; };
		CB96D5141D756C26002C7AFE /* AppDelegate.swift in Sources */ = {isa = PBXBuildFile; fileRef = CB96D50E1D756C26002C7AFE /* AppDelegate.swift */; };
		CB96D5151D756C26002C7AFE /* TreeViewController.swift in Sources */ = {isa = PBXBuildFile; fileRef = CB96D50F1D756C26002C7AFE /* TreeViewController.swift */; };
		CB96D5161D756C26002C7AFE /* DataObject.swift in Sources */ = {isa = PBXBuildFile; fileRef = CB96D5101D756C26002C7AFE /* DataObject.swift */; };
		CB96D5171D756C26002C7AFE /* TreeTableViewCell.swift in Sources */ = {isa = PBXBuildFile; fileRef = CB96D5111D756C26002C7AFE /* TreeTableViewCell.swift */; };
		CB96D5181D756C26002C7AFE /* TreeTableViewCell.xib in Resources */ = {isa = PBXBuildFile; fileRef = CB96D5121D756C26002C7AFE /* TreeTableViewCell.xib */; };
		CB96D5191D756C26002C7AFE /* Main.storyboard in Resources */ = {isa = PBXBuildFile; fileRef = CB96D5131D756C26002C7AFE /* Main.storyboard */; };
		CBFAC7131D754D0000915090 /* Assets.xcassets in Resources */ = {isa = PBXBuildFile; fileRef = CBFAC7121D754D0000915090 /* Assets.xcassets */; };
		CBFAC7161D754D0000915090 /* LaunchScreen.storyboard in Resources */ = {isa = PBXBuildFile; fileRef = CBFAC7141D754D0000915090 /* LaunchScreen.storyboard */; };
		CBFAC7211D754D0000915090 /* TreeTableViewTests.swift in Sources */ = {isa = PBXBuildFile; fileRef = CBFAC7201D754D0000915090 /* TreeTableViewTests.swift */; };
		CBFAC72C1D754D0000915090 /* TreeTableViewUITests.swift in Sources */ = {isa = PBXBuildFile; fileRef = CBFAC72B1D754D0000915090 /* TreeTableViewUITests.swift */; };
		CBFC38161D76BEF8003781B8 /* ViewController_Sensor.swift in Sources */ = {isa = PBXBuildFile; fileRef = CBFC38141D76BEF8003781B8 /* ViewController_Sensor.swift */; };
		CBFC38171D76BEF8003781B8 /* ViewController_Sensor.xib in Resources */ = {isa = PBXBuildFile; fileRef = CBFC38151D76BEF8003781B8 /* ViewController_Sensor.xib */; };
/* End PBXBuildFile section */

/* Begin PBXContainerItemProxy section */
		CBFAC71D1D754D0000915090 /* PBXContainerItemProxy */ = {
			isa = PBXContainerItemProxy;
			containerPortal = CBFAC7001D754D0000915090 /* Project object */;
			proxyType = 1;
			remoteGlobalIDString = CBFAC7071D754D0000915090;
			remoteInfo = TreeTableView;
		};
		CBFAC7281D754D0000915090 /* PBXContainerItemProxy */ = {
			isa = PBXContainerItemProxy;
			containerPortal = CBFAC7001D754D0000915090 /* Project object */;
			proxyType = 1;
			remoteGlobalIDString = CBFAC7071D754D0000915090;
			remoteInfo = TreeTableView;
		};
/* End PBXContainerItemProxy section */

/* Begin PBXFileReference section */
		052C8EEBD2AF1CE31A455B23 /* Pods-TreeTableView.debug.xcconfig */ = {isa = PBXFileReference; includeInIndex = 1; lastKnownFileType = text.xcconfig; name = "Pods-TreeTableView.debug.xcconfig"; path = "Pods/Target Support Files/Pods-TreeTableView/Pods-TreeTableView.debug.xcconfig"; sourceTree = "<group>"; };
		3F4BB4E7B1A25D9892E84C20 /* Pods_TreeTableView.framework */ = {isa = PBXFileReference; explicitFileType = wrapper.framework; includeInIndex = 0; path = Pods_TreeTableView.framework; sourceTree = BUILT_PRODUCTS_DIR; };
		CB1DADE41D769BBD007B6B56 /* ButtonAdd.swift */ = {isa = PBXFileReference; fileEncoding = 4; lastKnownFileType = sourcecode.swift; path = ButtonAdd.swift; sourceTree = "<group>"; };
		CB1DADE61D76A267007B6B56 /* ExtentionColor.swift */ = {isa = PBXFileReference; fileEncoding = 4; lastKnownFileType = sourcecode.swift; path = ExtentionColor.swift; sourceTree = "<group>"; };
		CB96D50D1D756C25002C7AFE /* TreeTableView-Bridging-Header.h */ = {isa = PBXFileReference; lastKnownFileType = sourcecode.c.h; path = "TreeTableView-Bridging-Header.h"; sourceTree = "<group>"; };
		CB96D50E1D756C26002C7AFE /* AppDelegate.swift */ = {isa = PBXFileReference; fileEncoding = 4; lastKnownFileType = sourcecode.swift; path = AppDelegate.swift; sourceTree = "<group>"; };
		CB96D50F1D756C26002C7AFE /* TreeViewController.swift */ = {isa = PBXFileReference; fileEncoding = 4; lastKnownFileType = sourcecode.swift; path = TreeViewController.swift; sourceTree = "<group>"; };
		CB96D5101D756C26002C7AFE /* DataObject.swift */ = {isa = PBXFileReference; fileEncoding = 4; lastKnownFileType = sourcecode.swift; path = DataObject.swift; sourceTree = "<group>"; };
		CB96D5111D756C26002C7AFE /* TreeTableViewCell.swift */ = {isa = PBXFileReference; fileEncoding = 4; lastKnownFileType = sourcecode.swift; path = TreeTableViewCell.swift; sourceTree = "<group>"; };
		CB96D5121D756C26002C7AFE /* TreeTableViewCell.xib */ = {isa = PBXFileReference; fileEncoding = 4; lastKnownFileType = file.xib; path = TreeTableViewCell.xib; sourceTree = "<group>"; };
		CB96D5131D756C26002C7AFE /* Main.storyboard */ = {isa = PBXFileReference; fileEncoding = 4; lastKnownFileType = file.storyboard; path = Main.storyboard; sourceTree = "<group>"; };
		CBFAC7081D754D0000915090 /* TreeTableView.app */ = {isa = PBXFileReference; explicitFileType = wrapper.application; includeInIndex = 0; path = TreeTableView.app; sourceTree = BUILT_PRODUCTS_DIR; };
		CBFAC7121D754D0000915090 /* Assets.xcassets */ = {isa = PBXFileReference; lastKnownFileType = folder.assetcatalog; path = Assets.xcassets; sourceTree = "<group>"; };
		CBFAC7151D754D0000915090 /* Base */ = {isa = PBXFileReference; lastKnownFileType = file.storyboard; name = Base; path = Base.lproj/LaunchScreen.storyboard; sourceTree = "<group>"; };
		CBFAC7171D754D0000915090 /* Info.plist */ = {isa = PBXFileReference; lastKnownFileType = text.plist.xml; path = Info.plist; sourceTree = "<group>"; };
		CBFAC71C1D754D0000915090 /* TreeTableViewTests.xctest */ = {isa = PBXFileReference; explicitFileType = wrapper.cfbundle; includeInIndex = 0; path = TreeTableViewTests.xctest; sourceTree = BUILT_PRODUCTS_DIR; };
		CBFAC7201D754D0000915090 /* TreeTableViewTests.swift */ = {isa = PBXFileReference; lastKnownFileType = sourcecode.swift; path = TreeTableViewTests.swift; sourceTree = "<group>"; };
		CBFAC7221D754D0000915090 /* Info.plist */ = {isa = PBXFileReference; lastKnownFileType = text.plist.xml; path = Info.plist; sourceTree = "<group>"; };
		CBFAC7271D754D0000915090 /* TreeTableViewUITests.xctest */ = {isa = PBXFileReference; explicitFileType = wrapper.cfbundle; includeInIndex = 0; path = TreeTableViewUITests.xctest; sourceTree = BUILT_PRODUCTS_DIR; };
		CBFAC72B1D754D0000915090 /* TreeTableViewUITests.swift */ = {isa = PBXFileReference; lastKnownFileType = sourcecode.swift; path = TreeTableViewUITests.swift; sourceTree = "<group>"; };
		CBFAC72D1D754D0000915090 /* Info.plist */ = {isa = PBXFileReference; lastKnownFileType = text.plist.xml; path = Info.plist; sourceTree = "<group>"; };
		CBFC38141D76BEF8003781B8 /* ViewController_Sensor.swift */ = {isa = PBXFileReference; fileEncoding = 4; lastKnownFileType = sourcecode.swift; path = ViewController_Sensor.swift; sourceTree = "<group>"; };
		CBFC38151D76BEF8003781B8 /* ViewController_Sensor.xib */ = {isa = PBXFileReference; fileEncoding = 4; lastKnownFileType = file.xib; path = ViewController_Sensor.xib; sourceTree = "<group>"; };
		CF0AC003B6550E82353BC6C2 /* Pods-TreeTableView.release.xcconfig */ = {isa = PBXFileReference; includeInIndex = 1; lastKnownFileType = text.xcconfig; name = "Pods-TreeTableView.release.xcconfig"; path = "Pods/Target Support Files/Pods-TreeTableView/Pods-TreeTableView.release.xcconfig"; sourceTree = "<group>"; };
/* End PBXFileReference section */

/* Begin PBXFrameworksBuildPhase section */
		CBFAC7051D754D0000915090 /* Frameworks */ = {
			isa = PBXFrameworksBuildPhase;
			buildActionMask = 2147483647;
			files = (
				2249E6D14426B622EF71EBB2 /* Pods_TreeTableView.framework in Frameworks */,
			);
			runOnlyForDeploymentPostprocessing = 0;
		};
		CBFAC7191D754D0000915090 /* Frameworks */ = {
			isa = PBXFrameworksBuildPhase;
			buildActionMask = 2147483647;
			files = (
			);
			runOnlyForDeploymentPostprocessing = 0;
		};
		CBFAC7241D754D0000915090 /* Frameworks */ = {
			isa = PBXFrameworksBuildPhase;
			buildActionMask = 2147483647;
			files = (
			);
			runOnlyForDeploymentPostprocessing = 0;
		};
/* End PBXFrameworksBuildPhase section */

/* Begin PBXGroup section */
		707A5E3BECA403D55472046A /* Frameworks */ = {
			isa = PBXGroup;
			children = (
				3F4BB4E7B1A25D9892E84C20 /* Pods_TreeTableView.framework */,
			);
			name = Frameworks;
			sourceTree = "<group>";
		};
		A95DFF5809B445E94C3BFD43 /* Pods */ = {
			isa = PBXGroup;
			children = (
				052C8EEBD2AF1CE31A455B23 /* Pods-TreeTableView.debug.xcconfig */,
				CF0AC003B6550E82353BC6C2 /* Pods-TreeTableView.release.xcconfig */,
			);
			name = Pods;
			sourceTree = "<group>";
		};
		CBFAC6FF1D754D0000915090 = {
			isa = PBXGroup;
			children = (
				CBFAC70A1D754D0000915090 /* TreeTableView */,
				CBFAC71F1D754D0000915090 /* TreeTableViewTests */,
				CBFAC72A1D754D0000915090 /* TreeTableViewUITests */,
				CBFAC7091D754D0000915090 /* Products */,
				A95DFF5809B445E94C3BFD43 /* Pods */,
				707A5E3BECA403D55472046A /* Frameworks */,
			);
			sourceTree = "<group>";
		};
		CBFAC7091D754D0000915090 /* Products */ = {
			isa = PBXGroup;
			children = (
				CBFAC7081D754D0000915090 /* TreeTableView.app */,
				CBFAC71C1D754D0000915090 /* TreeTableViewTests.xctest */,
				CBFAC7271D754D0000915090 /* TreeTableViewUITests.xctest */,
			);
			name = Products;
			sourceTree = "<group>";
		};
		CBFAC70A1D754D0000915090 /* TreeTableView */ = {
			isa = PBXGroup;
			children = (
				CB96D50E1D756C26002C7AFE /* AppDelegate.swift */,
				CB96D50F1D756C26002C7AFE /* TreeViewController.swift */,
				CB96D5101D756C26002C7AFE /* DataObject.swift */,
				CB96D5111D756C26002C7AFE /* TreeTableViewCell.swift */,
				CB96D5121D756C26002C7AFE /* TreeTableViewCell.xib */,
				CB96D5131D756C26002C7AFE /* Main.storyboard */,
				CBFAC7121D754D0000915090 /* Assets.xcassets */,
				CBFAC7141D754D0000915090 /* LaunchScreen.storyboard */,
				CBFAC7171D754D0000915090 /* Info.plist */,
				CB96D50D1D756C25002C7AFE /* TreeTableView-Bridging-Header.h */,
				CB1DADE41D769BBD007B6B56 /* ButtonAdd.swift */,
				CB1DADE61D76A267007B6B56 /* ExtentionColor.swift */,
				CBFC38141D76BEF8003781B8 /* ViewController_Sensor.swift */,
				CBFC38151D76BEF8003781B8 /* ViewController_Sensor.xib */,
			);
			path = TreeTableView;
			sourceTree = "<group>";
		};
		CBFAC71F1D754D0000915090 /* TreeTableViewTests */ = {
			isa = PBXGroup;
			children = (
				CBFAC7201D754D0000915090 /* TreeTableViewTests.swift */,
				CBFAC7221D754D0000915090 /* Info.plist */,
			);
			path = TreeTableViewTests;
			sourceTree = "<group>";
		};
		CBFAC72A1D754D0000915090 /* TreeTableViewUITests */ = {
			isa = PBXGroup;
			children = (
				CBFAC72B1D754D0000915090 /* TreeTableViewUITests.swift */,
				CBFAC72D1D754D0000915090 /* Info.plist */,
			);
			path = TreeTableViewUITests;
			sourceTree = "<group>";
		};
/* End PBXGroup section */

/* Begin PBXNativeTarget section */
		CBFAC7071D754D0000915090 /* TreeTableView */ = {
			isa = PBXNativeTarget;
			buildConfigurationList = CBFAC7301D754D0000915090 /* Build configuration list for PBXNativeTarget "TreeTableView" */;
			buildPhases = (
				5C35EE9B6278B7B635CF54BF /* [CP] Check Pods Manifest.lock */,
				CBFAC7041D754D0000915090 /* Sources */,
				CBFAC7051D754D0000915090 /* Frameworks */,
				CBFAC7061D754D0000915090 /* Resources */,
				AA4EFAAD54C687CD25E2CD08 /* [CP] Embed Pods Frameworks */,
				34AF7A0D8CF65491BF198C6A /* [CP] Copy Pods Resources */,
			);
			buildRules = (
			);
			dependencies = (
			);
			name = TreeTableView;
			productName = TreeTableView;
			productReference = CBFAC7081D754D0000915090 /* TreeTableView.app */;
			productType = "com.apple.product-type.application";
		};
		CBFAC71B1D754D0000915090 /* TreeTableViewTests */ = {
			isa = PBXNativeTarget;
			buildConfigurationList = CBFAC7331D754D0000915090 /* Build configuration list for PBXNativeTarget "TreeTableViewTests" */;
			buildPhases = (
				CBFAC7181D754D0000915090 /* Sources */,
				CBFAC7191D754D0000915090 /* Frameworks */,
				CBFAC71A1D754D0000915090 /* Resources */,
			);
			buildRules = (
			);
			dependencies = (
				CBFAC71E1D754D0000915090 /* PBXTargetDependency */,
			);
			name = TreeTableViewTests;
			productName = TreeTableViewTests;
			productReference = CBFAC71C1D754D0000915090 /* TreeTableViewTests.xctest */;
			productType = "com.apple.product-type.bundle.unit-test";
		};
		CBFAC7261D754D0000915090 /* TreeTableViewUITests */ = {
			isa = PBXNativeTarget;
			buildConfigurationList = CBFAC7361D754D0000915090 /* Build configuration list for PBXNativeTarget "TreeTableViewUITests" */;
			buildPhases = (
				CBFAC7231D754D0000915090 /* Sources */,
				CBFAC7241D754D0000915090 /* Frameworks */,
				CBFAC7251D754D0000915090 /* Resources */,
			);
			buildRules = (
			);
			dependencies = (
				CBFAC7291D754D0000915090 /* PBXTargetDependency */,
			);
			name = TreeTableViewUITests;
			productName = TreeTableViewUITests;
			productReference = CBFAC7271D754D0000915090 /* TreeTableViewUITests.xctest */;
			productType = "com.apple.product-type.bundle.ui-testing";
		};
/* End PBXNativeTarget section */

/* Begin PBXProject section */
		CBFAC7001D754D0000915090 /* Project object */ = {
			isa = PBXProject;
			attributes = {
				LastSwiftUpdateCheck = 0730;
				LastUpgradeCheck = 0730;
				ORGANIZATIONNAME = Tuuu;
				TargetAttributes = {
					CBFAC7071D754D0000915090 = {
						CreatedOnToolsVersion = 7.3.1;
					};
					CBFAC71B1D754D0000915090 = {
						CreatedOnToolsVersion = 7.3.1;
						TestTargetID = CBFAC7071D754D0000915090;
					};
					CBFAC7261D754D0000915090 = {
						CreatedOnToolsVersion = 7.3.1;
						TestTargetID = CBFAC7071D754D0000915090;
					};
				};
			};
			buildConfigurationList = CBFAC7031D754D0000915090 /* Build configuration list for PBXProject "TreeTableView" */;
			compatibilityVersion = "Xcode 3.2";
			developmentRegion = English;
			hasScannedForEncodings = 0;
			knownRegions = (
				en,
				Base,
			);
			mainGroup = CBFAC6FF1D754D0000915090;
			productRefGroup = CBFAC7091D754D0000915090 /* Products */;
			projectDirPath = "";
			projectRoot = "";
			targets = (
				CBFAC7071D754D0000915090 /* TreeTableView */,
				CBFAC71B1D754D0000915090 /* TreeTableViewTests */,
				CBFAC7261D754D0000915090 /* TreeTableViewUITests */,
			);
		};
/* End PBXProject section */

/* Begin PBXResourcesBuildPhase section */
		CBFAC7061D754D0000915090 /* Resources */ = {
			isa = PBXResourcesBuildPhase;
			buildActionMask = 2147483647;
			files = (
				CB96D5181D756C26002C7AFE /* TreeTableViewCell.xib in Resources */,
				CBFAC7161D754D0000915090 /* LaunchScreen.storyboard in Resources */,
				CBFAC7131D754D0000915090 /* Assets.xcassets in Resources */,
				CB96D5191D756C26002C7AFE /* Main.storyboard in Resources */,
				CBFC38171D76BEF8003781B8 /* ViewController_Sensor.xib in Resources */,
			);
			runOnlyForDeploymentPostprocessing = 0;
		};
		CBFAC71A1D754D0000915090 /* Resources */ = {
			isa = PBXResourcesBuildPhase;
			buildActionMask = 2147483647;
			files = (
			);
			runOnlyForDeploymentPostprocessing = 0;
		};
		CBFAC7251D754D0000915090 /* Resources */ = {
			isa = PBXResourcesBuildPhase;
			buildActionMask = 2147483647;
			files = (
			);
			runOnlyForDeploymentPostprocessing = 0;
		};
/* End PBXResourcesBuildPhase section */

/* Begin PBXShellScriptBuildPhase section */
		34AF7A0D8CF65491BF198C6A /* [CP] Copy Pods Resources */ = {
			isa = PBXShellScriptBuildPhase;
			buildActionMask = 2147483647;
			files = (
			);
			inputPaths = (
			);
			name = "[CP] Copy Pods Resources";
			outputPaths = (
			);
			runOnlyForDeploymentPostprocessing = 0;
			shellPath = /bin/sh;
			shellScript = "\"${SRCROOT}/Pods/Target Support Files/Pods-TreeTableView/Pods-TreeTableView-resources.sh\"\n";
			showEnvVarsInLog = 0;
		};
		5C35EE9B6278B7B635CF54BF /* [CP] Check Pods Manifest.lock */ = {
			isa = PBXShellScriptBuildPhase;
			buildActionMask = 2147483647;
			files = (
			);
			inputPaths = (
			);
			name = "[CP] Check Pods Manifest.lock";
			outputPaths = (
			);
			runOnlyForDeploymentPostprocessing = 0;
			shellPath = /bin/sh;
			shellScript = "diff \"${PODS_ROOT}/../Podfile.lock\" \"${PODS_ROOT}/Manifest.lock\" > /dev/null\nif [[ $? != 0 ]] ; then\n    cat << EOM\nerror: The sandbox is not in sync with the Podfile.lock. Run 'pod install' or update your CocoaPods installation.\nEOM\n    exit 1\nfi\n";
			showEnvVarsInLog = 0;
		};
		AA4EFAAD54C687CD25E2CD08 /* [CP] Embed Pods Frameworks */ = {
			isa = PBXShellScriptBuildPhase;
			buildActionMask = 2147483647;
			files = (
			);
			inputPaths = (
			);
			name = "[CP] Embed Pods Frameworks";
			outputPaths = (
			);
			runOnlyForDeploymentPostprocessing = 0;
			shellPath = /bin/sh;
			shellScript = "\"${SRCROOT}/Pods/Target Support Files/Pods-TreeTableView/Pods-TreeTableView-frameworks.sh\"\n";
			showEnvVarsInLog = 0;
		};
/* End PBXShellScriptBuildPhase section */

/* Begin PBXSourcesBuildPhase section */
		CBFAC7041D754D0000915090 /* Sources */ = {
			isa = PBXSourcesBuildPhase;
			buildActionMask = 2147483647;
			files = (
				CB1DADE71D76A267007B6B56 /* ExtentionColor.swift in Sources */,
				CB1DADE51D769BBD007B6B56 /* ButtonAdd.swift in Sources */,
				CB96D5151D756C26002C7AFE /* TreeViewController.swift in Sources */,
				CB96D5171D756C26002C7AFE /* TreeTableViewCell.swift in Sources */,
				CB96D5161D756C26002C7AFE /* DataObject.swift in Sources */,
				CBFC38161D76BEF8003781B8 /* ViewController_Sensor.swift in Sources */,
				CB96D5141D756C26002C7AFE /* AppDelegate.swift in Sources */,
			);
			runOnlyForDeploymentPostprocessing = 0;
		};
		CBFAC7181D754D0000915090 /* Sources */ = {
			isa = PBXSourcesBuildPhase;
			buildActionMask = 2147483647;
			files = (
				CBFAC7211D754D0000915090 /* TreeTableViewTests.swift in Sources */,
			);
			runOnlyForDeploymentPostprocessing = 0;
		};
		CBFAC7231D754D0000915090 /* Sources */ = {
			isa = PBXSourcesBuildPhase;
			buildActionMask = 2147483647;
			files = (
				CBFAC72C1D754D0000915090 /* TreeTableViewUITests.swift in Sources */,
			);
			runOnlyForDeploymentPostprocessing = 0;
		};
/* End PBXSourcesBuildPhase section */

/* Begin PBXTargetDependency section */
		CBFAC71E1D754D0000915090 /* PBXTargetDependency */ = {
			isa = PBXTargetDependency;
			target = CBFAC7071D754D0000915090 /* TreeTableView */;
			targetProxy = CBFAC71D1D754D0000915090 /* PBXContainerItemProxy */;
		};
		CBFAC7291D754D0000915090 /* PBXTargetDependency */ = {
			isa = PBXTargetDependency;
			target = CBFAC7071D754D0000915090 /* TreeTableView */;
			targetProxy = CBFAC7281D754D0000915090 /* PBXContainerItemProxy */;
		};
/* End PBXTargetDependency section */

/* Begin PBXVariantGroup section */
		CBFAC7141D754D0000915090 /* LaunchScreen.storyboard */ = {
			isa = PBXVariantGroup;
			children = (
				CBFAC7151D754D0000915090 /* Base */,
			);
			name = LaunchScreen.storyboard;
			sourceTree = "<group>";
		};
/* End PBXVariantGroup section */

/* Begin XCBuildConfiguration section */
		CBFAC72E1D754D0000915090 /* Debug */ = {
			isa = XCBuildConfiguration;
			buildSettings = {
				ALWAYS_SEARCH_USER_PATHS = NO;
				CLANG_ANALYZER_NONNULL = YES;
				CLANG_CXX_LANGUAGE_STANDARD = "gnu++0x";
				CLANG_CXX_LIBRARY = "libc++";
				CLANG_ENABLE_MODULES = YES;
				CLANG_ENABLE_OBJC_ARC = YES;
				CLANG_WARN_BOOL_CONVERSION = YES;
				CLANG_WARN_CONSTANT_CONVERSION = YES;
				CLANG_WARN_DIRECT_OBJC_ISA_USAGE = YES_ERROR;
				CLANG_WARN_EMPTY_BODY = YES;
				CLANG_WARN_ENUM_CONVERSION = YES;
				CLANG_WARN_INT_CONVERSION = YES;
				CLANG_WARN_OBJC_ROOT_CLASS = YES_ERROR;
				CLANG_WARN_UNREACHABLE_CODE = YES;
				CLANG_WARN__DUPLICATE_METHOD_MATCH = YES;
				"CODE_SIGN_IDENTITY[sdk=iphoneos*]" = "iPhone Developer";
				COPY_PHASE_STRIP = NO;
				DEBUG_INFORMATION_FORMAT = dwarf;
				ENABLE_STRICT_OBJC_MSGSEND = YES;
				ENABLE_TESTABILITY = YES;
				GCC_C_LANGUAGE_STANDARD = gnu99;
				GCC_DYNAMIC_NO_PIC = NO;
				GCC_NO_COMMON_BLOCKS = YES;
				GCC_OPTIMIZATION_LEVEL = 0;
				GCC_PREPROCESSOR_DEFINITIONS = (
					"DEBUG=1",
					"$(inherited)",
				);
				GCC_WARN_64_TO_32_BIT_CONVERSION = YES;
				GCC_WARN_ABOUT_RETURN_TYPE = YES_ERROR;
				GCC_WARN_UNDECLARED_SELECTOR = YES;
				GCC_WARN_UNINITIALIZED_AUTOS = YES_AGGRESSIVE;
				GCC_WARN_UNUSED_FUNCTION = YES;
				GCC_WARN_UNUSED_VARIABLE = YES;
				IPHONEOS_DEPLOYMENT_TARGET = 9.3;
				MTL_ENABLE_DEBUG_INFO = YES;
				ONLY_ACTIVE_ARCH = YES;
				SDKROOT = iphoneos;
				SWIFT_OPTIMIZATION_LEVEL = "-Onone";
				TARGETED_DEVICE_FAMILY = "1,2";
			};
			name = Debug;
		};
		CBFAC72F1D754D0000915090 /* Release */ = {
			isa = XCBuildConfiguration;
			buildSettings = {
				ALWAYS_SEARCH_USER_PATHS = NO;
				CLANG_ANALYZER_NONNULL = YES;
				CLANG_CXX_LANGUAGE_STANDARD = "gnu++0x";
				CLANG_CXX_LIBRARY = "libc++";
				CLANG_ENABLE_MODULES = YES;
				CLANG_ENABLE_OBJC_ARC = YES;
				CLANG_WARN_BOOL_CONVERSION = YES;
				CLANG_WARN_CONSTANT_CONVERSION = YES;
				CLANG_WARN_DIRECT_OBJC_ISA_USAGE = YES_ERROR;
				CLANG_WARN_EMPTY_BODY = YES;
				CLANG_WARN_ENUM_CONVERSION = YES;
				CLANG_WARN_INT_CONVERSION = YES;
				CLANG_WARN_OBJC_ROOT_CLASS = YES_ERROR;
				CLANG_WARN_UNREACHABLE_CODE = YES;
				CLANG_WARN__DUPLICATE_METHOD_MATCH = YES;
				"CODE_SIGN_IDENTITY[sdk=iphoneos*]" = "iPhone Developer";
				COPY_PHASE_STRIP = NO;
				DEBUG_INFORMATION_FORMAT = "dwarf-with-dsym";
				ENABLE_NS_ASSERTIONS = NO;
				ENABLE_STRICT_OBJC_MSGSEND = YES;
				GCC_C_LANGUAGE_STANDARD = gnu99;
				GCC_NO_COMMON_BLOCKS = YES;
				GCC_WARN_64_TO_32_BIT_CONVERSION = YES;
				GCC_WARN_ABOUT_RETURN_TYPE = YES_ERROR;
				GCC_WARN_UNDECLARED_SELECTOR = YES;
				GCC_WARN_UNINITIALIZED_AUTOS = YES_AGGRESSIVE;
				GCC_WARN_UNUSED_FUNCTION = YES;
				GCC_WARN_UNUSED_VARIABLE = YES;
				IPHONEOS_DEPLOYMENT_TARGET = 9.3;
				MTL_ENABLE_DEBUG_INFO = NO;
				SDKROOT = iphoneos;
				TARGETED_DEVICE_FAMILY = "1,2";
				VALIDATE_PRODUCT = YES;
			};
			name = Release;
		};
		CBFAC7311D754D0000915090 /* Debug */ = {
			isa = XCBuildConfiguration;
			baseConfigurationReference = 052C8EEBD2AF1CE31A455B23 /* Pods-TreeTableView.debug.xcconfig */;
			buildSettings = {
				ASSETCATALOG_COMPILER_APPICON_NAME = AppIcon;
				CLANG_ENABLE_MODULES = YES;
				INFOPLIST_FILE = TreeTableView/Info.plist;
				LD_RUNPATH_SEARCH_PATHS = "$(inherited) @executable_path/Frameworks";
				PRODUCT_BUNDLE_IDENTIFIER = nvt.TreeTableView;
				PRODUCT_NAME = "$(TARGET_NAME)";
				SWIFT_OBJC_BRIDGING_HEADER = "TreeTableView/TreeTableView-Bridging-Header.h";
				SWIFT_OPTIMIZATION_LEVEL = "-Onone";
			};
			name = Debug;
		};
		CBFAC7321D754D0000915090 /* Release */ = {
			isa = XCBuildConfiguration;
			baseConfigurationReference = CF0AC003B6550E82353BC6C2 /* Pods-TreeTableView.release.xcconfig */;
			buildSettings = {
				ASSETCATALOG_COMPILER_APPICON_NAME = AppIcon;
				CLANG_ENABLE_MODULES = YES;
				INFOPLIST_FILE = TreeTableView/Info.plist;
				LD_RUNPATH_SEARCH_PATHS = "$(inherited) @executable_path/Frameworks";
				PRODUCT_BUNDLE_IDENTIFIER = nvt.TreeTableView;
				PRODUCT_NAME = "$(TARGET_NAME)";
				SWIFT_OBJC_BRIDGING_HEADER = "TreeTableView/TreeTableView-Bridging-Header.h";
			};
			name = Release;
		};
		CBFAC7341D754D0000915090 /* Debug */ = {
			isa = XCBuildConfiguration;
			buildSettings = {
				BUNDLE_LOADER = "$(TEST_HOST)";
				INFOPLIST_FILE = TreeTableViewTests/Info.plist;
				LD_RUNPATH_SEARCH_PATHS = "$(inherited) @executable_path/Frameworks @loader_path/Frameworks";
				PRODUCT_BUNDLE_IDENTIFIER = nvt.TreeTableViewTests;
				PRODUCT_NAME = "$(TARGET_NAME)";
				TEST_HOST = "$(BUILT_PRODUCTS_DIR)/TreeTableView.app/TreeTableView";
			};
			name = Debug;
		};
		CBFAC7351D754D0000915090 /* Release */ = {
			isa = XCBuildConfiguration;
			buildSettings = {
				BUNDLE_LOADER = "$(TEST_HOST)";
				INFOPLIST_FILE = TreeTableViewTests/Info.plist;
				LD_RUNPATH_SEARCH_PATHS = "$(inherited) @executable_path/Frameworks @loader_path/Frameworks";
				PRODUCT_BUNDLE_IDENTIFIER = nvt.TreeTableViewTests;
				PRODUCT_NAME = "$(TARGET_NAME)";
				TEST_HOST = "$(BUILT_PRODUCTS_DIR)/TreeTableView.app/TreeTableView";
			};
			name = Release;
		};
		CBFAC7371D754D0000915090 /* Debug */ = {
			isa = XCBuildConfiguration;
			buildSettings = {
				INFOPLIST_FILE = TreeTableViewUITests/Info.plist;
				LD_RUNPATH_SEARCH_PATHS = "$(inherited) @executable_path/Frameworks @loader_path/Frameworks";
				PRODUCT_BUNDLE_IDENTIFIER = nvt.TreeTableViewUITests;
				PRODUCT_NAME = "$(TARGET_NAME)";
				TEST_TARGET_NAME = TreeTableView;
			};
			name = Debug;
		};
		CBFAC7381D754D0000915090 /* Release */ = {
			isa = XCBuildConfiguration;
			buildSettings = {
				INFOPLIST_FILE = TreeTableViewUITests/Info.plist;
				LD_RUNPATH_SEARCH_PATHS = "$(inherited) @executable_path/Frameworks @loader_path/Frameworks";
				PRODUCT_BUNDLE_IDENTIFIER = nvt.TreeTableViewUITests;
				PRODUCT_NAME = "$(TARGET_NAME)";
				TEST_TARGET_NAME = TreeTableView;
			};
			name = Release;
		};
/* End XCBuildConfiguration section */

/* Begin XCConfigurationList section */
		CBFAC7031D754D0000915090 /* Build configuration list for PBXProject "TreeTableView" */ = {
			isa = XCConfigurationList;
			buildConfigurations = (
				CBFAC72E1D754D0000915090 /* Debug */,
				CBFAC72F1D754D0000915090 /* Release */,
			);
			defaultConfigurationIsVisible = 0;
			defaultConfigurationName = Release;
		};
		CBFAC7301D754D0000915090 /* Build configuration list for PBXNativeTarget "TreeTableView" */ = {
			isa = XCConfigurationList;
			buildConfigurations = (
				CBFAC7311D754D0000915090 /* Debug */,
				CBFAC7321D754D0000915090 /* Release */,
			);
			defaultConfigurationIsVisible = 0;
			defaultConfigurationName = Release;
		};
		CBFAC7331D754D0000915090 /* Build configuration list for PBXNativeTarget "TreeTableViewTests" */ = {
			isa = XCConfigurationList;
			buildConfigurations = (
				CBFAC7341D754D0000915090 /* Debug */,
				CBFAC7351D754D0000915090 /* Release */,
			);
			defaultConfigurationIsVisible = 0;
			defaultConfigurationName = Release;
		};
		CBFAC7361D754D0000915090 /* Build configuration list for PBXNativeTarget "TreeTableViewUITests" */ = {
			isa = XCConfigurationList;
			buildConfigurations = (
				CBFAC7371D754D0000915090 /* Debug */,
				CBFAC7381D754D0000915090 /* Release */,
			);
			defaultConfigurationIsVisible = 0;
			defaultConfigurationName = Release;
		};
/* End XCConfigurationList section */
	};
	rootObject = CBFAC7001D754D0000915090 /* Project object */;
}
