// !$*UTF8*$!
{
	archiveVersion = 1;
	classes = {
	};
	objectVersion = 46;
	objects = {

/* Begin PBXBuildFile section */
		CBF3F7A31DB2316300DFE928 /* AppDelegate.swift in Sources */ = {isa = PBXBuildFile; fileRef = CBF3F7A21DB2316300DFE928 /* AppDelegate.swift */; };
		CBF3F7A51DB2316300DFE928 /* ViewController.swift in Sources */ = {isa = PBXBuildFile; fileRef = CBF3F7A41DB2316300DFE928 /* ViewController.swift */; };
		CBF3F7A81DB2316300DFE928 /* Main.storyboard in Resources */ = {isa = PBXBuildFile; fileRef = CBF3F7A61DB2316300DFE928 /* Main.storyboard */; };
		CBF3F7AA1DB2316300DFE928 /* Assets.xcassets in Resources */ = {isa = PBXBuildFile; fileRef = CBF3F7A91DB2316300DFE928 /* Assets.xcassets */; };
		CBF3F7AD1DB2316300DFE928 /* LaunchScreen.storyboard in Resources */ = {isa = PBXBuildFile; fileRef = CBF3F7AB1DB2316300DFE928 /* LaunchScreen.storyboard */; };
		CBF3F7BB1DB2326900DFE928 /* SilentPrint.framework in Frameworks */ = {isa = PBXBuildFile; fileRef = CBF3F7B91DB2325400DFE928 /* SilentPrint.framework */; };
		CBF3F7BC1DB2326900DFE928 /* SilentPrint.framework in Embed Frameworks */ = {isa = PBXBuildFile; fileRef = CBF3F7B91DB2325400DFE928 /* SilentPrint.framework */; settings = {ATTRIBUTES = (CodeSignOnCopy, RemoveHeadersOnCopy, ); }; };
		CBF3F7BF1DB232C200DFE928 /* GRMustache.framework in Frameworks */ = {isa = PBXBuildFile; fileRef = CBF3F7BE1DB232C200DFE928 /* GRMustache.framework */; };
		CBF3F7C01DB232C200DFE928 /* GRMustache.framework in Embed Frameworks */ = {isa = PBXBuildFile; fileRef = CBF3F7BE1DB232C200DFE928 /* GRMustache.framework */; settings = {ATTRIBUTES = (CodeSignOnCopy, RemoveHeadersOnCopy, ); }; };
		CBF3F7D31DB23DFF00DFE928 /* SilentPrint.framework in Frameworks */ = {isa = PBXBuildFile; fileRef = CBF3F7D21DB23DFF00DFE928 /* SilentPrint.framework */; };
/* End PBXBuildFile section */

/* Begin PBXCopyFilesBuildPhase section */
		CBF3F7BD1DB2326900DFE928 /* Embed Frameworks */ = {
			isa = PBXCopyFilesBuildPhase;
			buildActionMask = 2147483647;
			dstPath = "";
			dstSubfolderSpec = 10;
			files = (
				CBF3F7BC1DB2326900DFE928 /* SilentPrint.framework in Embed Frameworks */,
				CBF3F7C01DB232C200DFE928 /* GRMustache.framework in Embed Frameworks */,
			);
			name = "Embed Frameworks";
			runOnlyForDeploymentPostprocessing = 0;
		};
/* End PBXCopyFilesBuildPhase section */

/* Begin PBXFileReference section */
		CBF3F79F1DB2316300DFE928 /* TestUseFrameWork.app */ = {isa = PBXFileReference; explicitFileType = wrapper.application; includeInIndex = 0; path = TestUseFrameWork.app; sourceTree = BUILT_PRODUCTS_DIR; };
		CBF3F7A21DB2316300DFE928 /* AppDelegate.swift */ = {isa = PBXFileReference; lastKnownFileType = sourcecode.swift; path = AppDelegate.swift; sourceTree = "<group>"; };
		CBF3F7A41DB2316300DFE928 /* ViewController.swift */ = {isa = PBXFileReference; lastKnownFileType = sourcecode.swift; path = ViewController.swift; sourceTree = "<group>"; };
		CBF3F7A71DB2316300DFE928 /* Base */ = {isa = PBXFileReference; lastKnownFileType = file.storyboard; name = Base; path = Base.lproj/Main.storyboard; sourceTree = "<group>"; };
		CBF3F7A91DB2316300DFE928 /* Assets.xcassets */ = {isa = PBXFileReference; lastKnownFileType = folder.assetcatalog; path = Assets.xcassets; sourceTree = "<group>"; };
		CBF3F7AC1DB2316300DFE928 /* Base */ = {isa = PBXFileReference; lastKnownFileType = file.storyboard; name = Base; path = Base.lproj/LaunchScreen.storyboard; sourceTree = "<group>"; };
		CBF3F7AE1DB2316300DFE928 /* Info.plist */ = {isa = PBXFileReference; lastKnownFileType = text.plist.xml; path = Info.plist; sourceTree = "<group>"; };
		CBF3F7B91DB2325400DFE928 /* SilentPrint.framework */ = {isa = PBXFileReference; lastKnownFileType = wrapper.framework; name = SilentPrint.framework; path = /Users/tuuu/Desktop/TestUseFrameWork/TestUseFrameWork/SilentPrint.framework; sourceTree = "<absolute>"; };
		CBF3F7BE1DB232C200DFE928 /* GRMustache.framework */ = {isa = PBXFileReference; lastKnownFileType = wrapper.framework; path = GRMustache.framework; sourceTree = "<group>"; };
		CBF3F7D21DB23DFF00DFE928 /* SilentPrint.framework */ = {isa = PBXFileReference; lastKnownFileType = wrapper.framework; path = SilentPrint.framework; sourceTree = "<group>"; };
/* End PBXFileReference section */

/* Begin PBXFrameworksBuildPhase section */
		CBF3F79C1DB2316300DFE928 /* Frameworks */ = {
			isa = PBXFrameworksBuildPhase;
			buildActionMask = 2147483647;
			files = (
				CBF3F7D31DB23DFF00DFE928 /* SilentPrint.framework in Frameworks */,
				CBF3F7BB1DB2326900DFE928 /* SilentPrint.framework in Frameworks */,
				CBF3F7BF1DB232C200DFE928 /* GRMustache.framework in Frameworks */,
			);
			runOnlyForDeploymentPostprocessing = 0;
		};
/* End PBXFrameworksBuildPhase section */

/* Begin PBXGroup section */
		CBF3F7961DB2316300DFE928 = {
			isa = PBXGroup;
			children = (
				CBF3F7BE1DB232C200DFE928 /* GRMustache.framework */,
				CBF3F7A11DB2316300DFE928 /* TestUseFrameWork */,
				CBF3F7A01DB2316300DFE928 /* Products */,
			);
			sourceTree = "<group>";
		};
		CBF3F7A01DB2316300DFE928 /* Products */ = {
			isa = PBXGroup;
			children = (
				CBF3F79F1DB2316300DFE928 /* TestUseFrameWork.app */,
			);
			name = Products;
			sourceTree = "<group>";
		};
		CBF3F7A11DB2316300DFE928 /* TestUseFrameWork */ = {
			isa = PBXGroup;
			children = (
				CBF3F7D21DB23DFF00DFE928 /* SilentPrint.framework */,
				CBF3F7A21DB2316300DFE928 /* AppDelegate.swift */,
				CBF3F7A41DB2316300DFE928 /* ViewController.swift */,
				CBF3F7A61DB2316300DFE928 /* Main.storyboard */,
				CBF3F7A91DB2316300DFE928 /* Assets.xcassets */,
				CBF3F7AB1DB2316300DFE928 /* LaunchScreen.storyboard */,
				CBF3F7AE1DB2316300DFE928 /* Info.plist */,
			);
			path = TestUseFrameWork;
			sourceTree = "<group>";
		};
/* End PBXGroup section */

/* Begin PBXNativeTarget section */
		CBF3F79E1DB2316300DFE928 /* TestUseFrameWork */ = {
			isa = PBXNativeTarget;
			buildConfigurationList = CBF3F7B11DB2316300DFE928 /* Build configuration list for PBXNativeTarget "TestUseFrameWork" */;
			buildPhases = (
				CBF3F79B1DB2316300DFE928 /* Sources */,
				CBF3F79C1DB2316300DFE928 /* Frameworks */,
				CBF3F79D1DB2316300DFE928 /* Resources */,
				CBF3F7BD1DB2326900DFE928 /* Embed Frameworks */,
			);
			buildRules = (
			);
			dependencies = (
			);
			name = TestUseFrameWork;
			productName = TestUseFrameWork;
			productReference = CBF3F79F1DB2316300DFE928 /* TestUseFrameWork.app */;
			productType = "com.apple.product-type.application";
		};
/* End PBXNativeTarget section */

/* Begin PBXProject section */
		CBF3F7971DB2316300DFE928 /* Project object */ = {
			isa = PBXProject;
			attributes = {
				LastSwiftUpdateCheck = 0800;
				LastUpgradeCheck = 0800;
				ORGANIZATIONNAME = Tuuu;
				TargetAttributes = {
					CBF3F79E1DB2316300DFE928 = {
						CreatedOnToolsVersion = 8.0;
						ProvisioningStyle = Automatic;
					};
				};
			};
			buildConfigurationList = CBF3F79A1DB2316300DFE928 /* Build configuration list for PBXProject "TestUseFrameWork" */;
			compatibilityVersion = "Xcode 3.2";
			developmentRegion = English;
			hasScannedForEncodings = 0;
			knownRegions = (
				en,
				Base,
			);
			mainGroup = CBF3F7961DB2316300DFE928;
			productRefGroup = CBF3F7A01DB2316300DFE928 /* Products */;
			projectDirPath = "";
			projectRoot = "";
			targets = (
				CBF3F79E1DB2316300DFE928 /* TestUseFrameWork */,
			);
		};
/* End PBXProject section */

/* Begin PBXResourcesBuildPhase section */
		CBF3F79D1DB2316300DFE928 /* Resources */ = {
			isa = PBXResourcesBuildPhase;
			buildActionMask = 2147483647;
			files = (
				CBF3F7AD1DB2316300DFE928 /* LaunchScreen.storyboard in Resources */,
				CBF3F7AA1DB2316300DFE928 /* Assets.xcassets in Resources */,
				CBF3F7A81DB2316300DFE928 /* Main.storyboard in Resources */,
			);
			runOnlyForDeploymentPostprocessing = 0;
		};
/* End PBXResourcesBuildPhase section */

/* Begin PBXSourcesBuildPhase section */
		CBF3F79B1DB2316300DFE928 /* Sources */ = {
			isa = PBXSourcesBuildPhase;
			buildActionMask = 2147483647;
			files = (
				CBF3F7A51DB2316300DFE928 /* ViewController.swift in Sources */,
				CBF3F7A31DB2316300DFE928 /* AppDelegate.swift in Sources */,
			);
			runOnlyForDeploymentPostprocessing = 0;
		};
/* End PBXSourcesBuildPhase section */

/* Begin PBXVariantGroup section */
		CBF3F7A61DB2316300DFE928 /* Main.storyboard */ = {
			isa = PBXVariantGroup;
			children = (
				CBF3F7A71DB2316300DFE928 /* Base */,
			);
			name = Main.storyboard;
			sourceTree = "<group>";
		};
		CBF3F7AB1DB2316300DFE928 /* LaunchScreen.storyboard */ = {
			isa = PBXVariantGroup;
			children = (
				CBF3F7AC1DB2316300DFE928 /* Base */,
			);
			name = LaunchScreen.storyboard;
			sourceTree = "<group>";
		};
/* End PBXVariantGroup section */

/* Begin XCBuildConfiguration section */
		CBF3F7AF1DB2316300DFE928 /* Debug */ = {
			isa = XCBuildConfiguration;
			buildSettings = {
				ALWAYS_SEARCH_USER_PATHS = NO;
				CLANG_ANALYZER_NONNULL = YES;
				CLANG_CXX_LANGUAGE_STANDARD = "gnu++0x";
				CLANG_CXX_LIBRARY = "libc++";
				CLANG_ENABLE_MODULES = YES;
				CLANG_ENABLE_OBJC_ARC = YES;
				CLANG_WARN_BOOL_CONVERSION = YES;
				CLANG_WARN_CONSTANT_CONVERSION = YES;
				CLANG_WARN_DIRECT_OBJC_ISA_USAGE = YES_ERROR;
				CLANG_WARN_DOCUMENTATION_COMMENTS = YES;
				CLANG_WARN_EMPTY_BODY = YES;
				CLANG_WARN_ENUM_CONVERSION = YES;
				CLANG_WARN_INFINITE_RECURSION = YES;
				CLANG_WARN_INT_CONVERSION = YES;
				CLANG_WARN_OBJC_ROOT_CLASS = YES_ERROR;
				CLANG_WARN_SUSPICIOUS_MOVES = YES;
				CLANG_WARN_UNREACHABLE_CODE = YES;
				CLANG_WARN__DUPLICATE_METHOD_MATCH = YES;
				"CODE_SIGN_IDENTITY[sdk=iphoneos*]" = "iPhone Developer";
				COPY_PHASE_STRIP = NO;
				DEBUG_INFORMATION_FORMAT = dwarf;
				ENABLE_STRICT_OBJC_MSGSEND = YES;
				ENABLE_TESTABILITY = YES;
				GCC_C_LANGUAGE_STANDARD = gnu99;
				GCC_DYNAMIC_NO_PIC = NO;
				GCC_NO_COMMON_BLOCKS = YES;
				GCC_OPTIMIZATION_LEVEL = 0;
				GCC_PREPROCESSOR_DEFINITIONS = (
					"DEBUG=1",
					"$(inherited)",
				);
				GCC_WARN_64_TO_32_BIT_CONVERSION = YES;
				GCC_WARN_ABOUT_RETURN_TYPE = YES_ERROR;
				GCC_WARN_UNDECLARED_SELECTOR = YES;
				GCC_WARN_UNINITIALIZED_AUTOS = YES_AGGRESSIVE;
				GCC_WARN_UNUSED_FUNCTION = YES;
				GCC_WARN_UNUSED_VARIABLE = YES;
				IPHONEOS_DEPLOYMENT_TARGET = 10.0;
				MTL_ENABLE_DEBUG_INFO = YES;
				ONLY_ACTIVE_ARCH = YES;
				SDKROOT = iphoneos;
				SWIFT_ACTIVE_COMPILATION_CONDITIONS = DEBUG;
				SWIFT_OPTIMIZATION_LEVEL = "-Onone";
				TARGETED_DEVICE_FAMILY = "1,2";
			};
			name = Debug;
		};
		CBF3F7B01DB2316300DFE928 /* Release */ = {
			isa = XCBuildConfiguration;
			buildSettings = {
				ALWAYS_SEARCH_USER_PATHS = NO;
				CLANG_ANALYZER_NONNULL = YES;
				CLANG_CXX_LANGUAGE_STANDARD = "gnu++0x";
				CLANG_CXX_LIBRARY = "libc++";
				CLANG_ENABLE_MODULES = YES;
				CLANG_ENABLE_OBJC_ARC = YES;
				CLANG_WARN_BOOL_CONVERSION = YES;
				CLANG_WARN_CONSTANT_CONVERSION = YES;
				CLANG_WARN_DIRECT_OBJC_ISA_USAGE = YES_ERROR;
				CLANG_WARN_DOCUMENTATION_COMMENTS = YES;
				CLANG_WARN_EMPTY_BODY = YES;
				CLANG_WARN_ENUM_CONVERSION = YES;
				CLANG_WARN_INFINITE_RECURSION = YES;
				CLANG_WARN_INT_CONVERSION = YES;
				CLANG_WARN_OBJC_ROOT_CLASS = YES_ERROR;
				CLANG_WARN_SUSPICIOUS_MOVES = YES;
				CLANG_WARN_UNREACHABLE_CODE = YES;
				CLANG_WARN__DUPLICATE_METHOD_MATCH = YES;
				"CODE_SIGN_IDENTITY[sdk=iphoneos*]" = "iPhone Developer";
				COPY_PHASE_STRIP = NO;
				DEBUG_INFORMATION_FORMAT = "dwarf-with-dsym";
				ENABLE_NS_ASSERTIONS = NO;
				ENABLE_STRICT_OBJC_MSGSEND = YES;
				GCC_C_LANGUAGE_STANDARD = gnu99;
				GCC_NO_COMMON_BLOCKS = YES;
				GCC_WARN_64_TO_32_BIT_CONVERSION = YES;
				GCC_WARN_ABOUT_RETURN_TYPE = YES_ERROR;
				GCC_WARN_UNDECLARED_SELECTOR = YES;
				GCC_WARN_UNINITIALIZED_AUTOS = YES_AGGRESSIVE;
				GCC_WARN_UNUSED_FUNCTION = YES;
				GCC_WARN_UNUSED_VARIABLE = YES;
				IPHONEOS_DEPLOYMENT_TARGET = 10.0;
				MTL_ENABLE_DEBUG_INFO = NO;
				SDKROOT = iphoneos;
				SWIFT_OPTIMIZATION_LEVEL = "-Owholemodule";
				TARGETED_DEVICE_FAMILY = "1,2";
				VALIDATE_PRODUCT = YES;
			};
			name = Release;
		};
		CBF3F7B21DB2316300DFE928 /* Debug */ = {
			isa = XCBuildConfiguration;
			buildSettings = {
				ASSETCATALOG_COMPILER_APPICON_NAME = AppIcon;
				FRAMEWORK_SEARCH_PATHS = (
					"$(inherited)",
					"$(PROJECT_DIR)/TestUseFrameWork",
					"$(PROJECT_DIR)",
				);
				INFOPLIST_FILE = TestUseFrameWork/Info.plist;
				LD_RUNPATH_SEARCH_PATHS = "$(inherited) @executable_path/Frameworks";
				PRODUCT_BUNDLE_IDENTIFIER = nvt.TestUseFrameWork;
				PRODUCT_NAME = "$(TARGET_NAME)";
				SWIFT_VERSION = 3.0;
			};
			name = Debug;
		};
		CBF3F7B31DB2316300DFE928 /* Release */ = {
			isa = XCBuildConfiguration;
			buildSettings = {
				ASSETCATALOG_COMPILER_APPICON_NAME = AppIcon;
				FRAMEWORK_SEARCH_PATHS = (
					"$(inherited)",
					"$(PROJECT_DIR)/TestUseFrameWork",
					"$(PROJECT_DIR)",
				);
				INFOPLIST_FILE = TestUseFrameWork/Info.plist;
				LD_RUNPATH_SEARCH_PATHS = "$(inherited) @executable_path/Frameworks";
				PRODUCT_BUNDLE_IDENTIFIER = nvt.TestUseFrameWork;
				PRODUCT_NAME = "$(TARGET_NAME)";
				SWIFT_VERSION = 3.0;
			};
			name = Release;
		};
/* End XCBuildConfiguration section */

/* Begin XCConfigurationList section */
		CBF3F79A1DB2316300DFE928 /* Build configuration list for PBXProject "TestUseFrameWork" */ = {
			isa = XCConfigurationList;
			buildConfigurations = (
				CBF3F7AF1DB2316300DFE928 /* Debug */,
				CBF3F7B01DB2316300DFE928 /* Release */,
			);
			defaultConfigurationIsVisible = 0;
			defaultConfigurationName = Release;
		};
		CBF3F7B11DB2316300DFE928 /* Build configuration list for PBXNativeTarget "TestUseFrameWork" */ = {
			isa = XCConfigurationList;
			buildConfigurations = (
				CBF3F7B21DB2316300DFE928 /* Debug */,
				CBF3F7B31DB2316300DFE928 /* Release */,
			);
			defaultConfigurationIsVisible = 0;
		};
/* End XCConfigurationList section */
	};
	rootObject = CBF3F7971DB2316300DFE928 /* Project object */;
}
